
Microsoft Visual Studio Solution File, Format Version 12.00
# Visual Studio Version 17
VisualStudioVersion = 17.12.35309.182
MinimumVisualStudioVersion = 10.0.40219.1
Project("{FAE04EC0-301F-11D3-BF4B-00C04F79EFBC}") = "ConsoleApp40", "ConsoleApp40\ConsoleApp40.csproj", "{BBF816AC-7EE4-4CE1-BC21-DC7AECA63D4B}"
EndProject
Project("{FAE04EC0-301F-11D3-BF4B-00C04F79EFBC}") = "NForza.Cqrs", "GeneratorTest\NForza.Cqrs.csproj", "{9F649329-7560-47FC-9978-ECEF4E43AE53}"
EndProject
Project("{FAE04EC0-301F-11D3-BF4B-00C04F79EFBC}") = "ConsoleApp40.Domain", "ConsoleApp40.Domain\ConsoleApp40.Domain.csproj", "{B677268D-4663-427F-901B-79F1EB3D8C32}"
EndProject
Project("{FAE04EC0-301F-11D3-BF4B-00C04F79EFBC}") = "ConsoleApp40.Contracts", "ConsoleApp40.Contracts\ConsoleApp40.Contracts.csproj", "{5E034511-8871-41D2-A579-3F811B4E4647}"
EndProject
Global
	GlobalSection(SolutionConfigurationPlatforms) = preSolution
		Debug|Any CPU = Debug|Any CPU
		Release|Any CPU = Release|Any CPU
	EndGlobalSection
	GlobalSection(ProjectConfigurationPlatforms) = postSolution
		{BBF816AC-7EE4-4CE1-BC21-DC7AECA63D4B}.Debug|Any CPU.ActiveCfg = Debug|Any CPU
		{BBF816AC-7EE4-4CE1-BC21-DC7AECA63D4B}.Debug|Any CPU.Build.0 = Debug|Any CPU
		{BBF816AC-7EE4-4CE1-BC21-DC7AECA63D4B}.Release|Any CPU.ActiveCfg = Release|Any CPU
		{BBF816AC-7EE4-4CE1-BC21-DC7AECA63D4B}.Release|Any CPU.Build.0 = Release|Any CPU
		{9F649329-7560-47FC-9978-ECEF4E43AE53}.Debug|Any CPU.ActiveCfg = Debug|Any CPU
		{9F649329-7560-47FC-9978-ECEF4E43AE53}.Debug|Any CPU.Build.0 = Debug|Any CPU
		{9F649329-7560-47FC-9978-ECEF4E43AE53}.Release|Any CPU.ActiveCfg = Release|Any CPU
		{9F649329-7560-47FC-9978-ECEF4E43AE53}.Release|Any CPU.Build.0 = Release|Any CPU
		{B677268D-4663-427F-901B-79F1EB3D8C32}.Debug|Any CPU.ActiveCfg = Debug|Any CPU
		{B677268D-4663-427F-901B-79F1EB3D8C32}.Debug|Any CPU.Build.0 = Debug|Any CPU
		{B677268D-4663-427F-901B-79F1EB3D8C32}.Release|Any CPU.ActiveCfg = Release|Any CPU
		{B677268D-4663-427F-901B-79F1EB3D8C32}.Release|Any CPU.Build.0 = Release|Any CPU
		{5E034511-8871-41D2-A579-3F811B4E4647}.Debug|Any CPU.ActiveCfg = Debug|Any CPU
		{5E034511-8871-41D2-A579-3F811B4E4647}.Debug|Any CPU.Build.0 = Debug|Any CPU
		{5E034511-8871-41D2-A579-3F811B4E4647}.Release|Any CPU.ActiveCfg = Release|Any CPU
		{5E034511-8871-41D2-A579-3F811B4E4647}.Release|Any CPU.Build.0 = Release|Any CPU
	EndGlobalSection
	GlobalSection(SolutionProperties) = preSolution
		HideSolutionNode = FALSE
	EndGlobalSection
	GlobalSection(ExtensibilityGlobals) = postSolution
		SolutionGuid = {0FF728AE-7BC0-4A7A-A6E6-429A2C4F93BC}
	EndGlobalSection
EndGlobal
