
Microsoft Visual Studio Solution File, Format Version 12.00
# Visual Studio Version 18
VisualStudioVersion = 18.0.11018.127
MinimumVisualStudioVersion = 10.0.40219.1
Project("{9A19103F-16F7-4668-BE54-9A1E7A4F7556}") = "DemoApp.Domain", "examples\DemoApp\DemoApp.Domain\DemoApp.Domain.csproj", "{B677268D-4663-427F-901B-79F1EB3D8C32}"
EndProject
Project("{9A19103F-16F7-4668-BE54-9A1E7A4F7556}") = "NForza.Cyrus.Abstractions", "src\NForza.Cyrus.Abstractions\NForza.Cyrus.Abstractions.csproj", "{958260C7-CCD4-41A8-8A11-E6EEF486FDDD}"
EndProject
Project("{9A19103F-16F7-4668-BE54-9A1E7A4F7556}") = "DemoApp.WebApi", "examples\DemoApp\DemoApp.WebApi\DemoApp.WebApi.csproj", "{239395A0-21EF-4967-BBFB-371BCB9CE1CF}"
EndProject
Project("{FAE04EC0-301F-11D3-BF4B-00C04F79EFBC}") = "DemoApp.WebApi.Tests", "examples\DemoApp\DemoApp.WebApi.Tests\DemoApp.WebApi.Tests.csproj", "{4EFD0A43-5F57-4EDC-8860-F0BBC590C545}"
EndProject
Project("{2150E333-8FDC-42A3-9474-1A3956D46DE8}") = "Solution Items", "Solution Items", "{8EC462FD-D22E-90A8-E5CE-7E832BA40C5D}"
	ProjectSection(SolutionItems) = preProject
		.github\workflows\build-masstransit-example.yml = .github\workflows\build-masstransit-example.yml
		.github\workflows\build.yml = .github\workflows\build.yml
		NForza.Cyrus.nuspec = NForza.Cyrus.nuspec
		.github\workflows\publish.yml = .github\workflows\publish.yml
		README.md = README.md
	EndProjectSection
EndProject
Project("{FAE04EC0-301F-11D3-BF4B-00C04F79EFBC}") = "NForza.Cyrus.Generators", "src\NForza.Cyrus.Generators\NForza.Cyrus.Generators.csproj", "{D53015EF-572A-40A3-BB25-760295F0EC14}"
EndProject
Project("{FAE04EC0-301F-11D3-BF4B-00C04F79EFBC}") = "NForza.Cyrus.Core", "src\NForza.Cyrus.Core\NForza.Cyrus.Core.csproj", "{67445A91-EC9C-41D8-860C-3B7C003B776D}"
EndProject
Project("{2150E333-8FDC-42A3-9474-1A3956D46DE8}") = "DemoApp", "DemoApp", "{02EA681E-C7D8-13C7-8484-4AC65E1B71E8}"
EndProject
Project("{FAE04EC0-301F-11D3-BF4B-00C04F79EFBC}") = "DemoApp.Contracts", "examples\DemoApp\DemoApp.Contracts\DemoApp.Contracts.csproj", "{F226A20A-3ED9-8DED-646B-3F02A3D018F3}"
EndProject
Project("{FAE04EC0-301F-11D3-BF4B-00C04F79EFBC}") = "NForza.Cyrus.Templating", "src\NForza.Cyrus.Templating\NForza.Cyrus.Templating.csproj", "{0D5FC394-E7FF-464D-62F8-0A84E9C970D7}"
EndProject
Project("{FAE04EC0-301F-11D3-BF4B-00C04F79EFBC}") = "NForza.Cyrus.Generators.Tests", "src\NForza.Cyrus.Generators.Tests\NForza.Cyrus.Generators.Tests.csproj", "{B9E1854B-245D-4297-9CD8-B926C6A3C764}"
EndProject
Project("{FAE04EC0-301F-11D3-BF4B-00C04F79EFBC}") = "NForza.Cyrus.MSBuild", "src\NForza.Cyrus.MSBuild\NForza.Cyrus.MSBuild.csproj", "{E16C1252-6481-BBEB-8982-3868DA4F41A9}"
EndProject
Project("{FAE04EC0-301F-11D3-BF4B-00C04F79EFBC}") = "NForza.Cyrus.MSBuild.Tests", "src\NForza.Cyrus.MSBuild.Tests\NForza.Cyrus.MSBuild.Tests.csproj", "{CCB06883-92FD-2F10-C0B3-3EBD629E8B9D}"
EndProject
Project("{FAE04EC0-301F-11D3-BF4B-00C04F79EFBC}") = "NForza.Cyrus.TypeScriptGenerator", "src\NForza.Cyrus.TypeScriptGenerator\NForza.Cyrus.TypeScriptGenerator.csproj", "{C1F6A4F6-3D42-2775-1A7C-3825515EC12C}"
EndProject
Project("{FAE04EC0-301F-11D3-BF4B-00C04F79EFBC}") = "NForza.Cyrus.EntityFramework", "src\NForza.Cyrus.EntityFramework\NForza.Cyrus.EntityFramework.csproj", "{C9C2EDAD-6392-4C2A-B021-84A479C22EFF}"
EndProject
Global
	GlobalSection(SolutionConfigurationPlatforms) = preSolution
		Debug|Any CPU = Debug|Any CPU
		DebugGenerator|Any CPU = DebugGenerator|Any CPU
		Release|Any CPU = Release|Any CPU
	EndGlobalSection
	GlobalSection(ProjectConfigurationPlatforms) = postSolution
		{B677268D-4663-427F-901B-79F1EB3D8C32}.Debug|Any CPU.ActiveCfg = Debug|Any CPU
		{B677268D-4663-427F-901B-79F1EB3D8C32}.Debug|Any CPU.Build.0 = Debug|Any CPU
		{B677268D-4663-427F-901B-79F1EB3D8C32}.DebugGenerator|Any CPU.ActiveCfg = DebugGenerator|Any CPU
		{B677268D-4663-427F-901B-79F1EB3D8C32}.Release|Any CPU.ActiveCfg = Release|Any CPU
		{B677268D-4663-427F-901B-79F1EB3D8C32}.Release|Any CPU.Build.0 = Release|Any CPU
		{958260C7-CCD4-41A8-8A11-E6EEF486FDDD}.Debug|Any CPU.ActiveCfg = Debug|Any CPU
		{958260C7-CCD4-41A8-8A11-E6EEF486FDDD}.Debug|Any CPU.Build.0 = Debug|Any CPU
		{958260C7-CCD4-41A8-8A11-E6EEF486FDDD}.DebugGenerator|Any CPU.ActiveCfg = DebugGenerator|Any CPU
		{958260C7-CCD4-41A8-8A11-E6EEF486FDDD}.DebugGenerator|Any CPU.Build.0 = DebugGenerator|Any CPU
		{958260C7-CCD4-41A8-8A11-E6EEF486FDDD}.Release|Any CPU.ActiveCfg = Release|Any CPU
		{958260C7-CCD4-41A8-8A11-E6EEF486FDDD}.Release|Any CPU.Build.0 = Release|Any CPU
		{239395A0-21EF-4967-BBFB-371BCB9CE1CF}.Debug|Any CPU.ActiveCfg = Debug|Any CPU
		{239395A0-21EF-4967-BBFB-371BCB9CE1CF}.Debug|Any CPU.Build.0 = Debug|Any CPU
		{239395A0-21EF-4967-BBFB-371BCB9CE1CF}.DebugGenerator|Any CPU.ActiveCfg = DebugGenerator|Any CPU
		{239395A0-21EF-4967-BBFB-371BCB9CE1CF}.Release|Any CPU.ActiveCfg = Release|Any CPU
		{239395A0-21EF-4967-BBFB-371BCB9CE1CF}.Release|Any CPU.Build.0 = Release|Any CPU
		{4EFD0A43-5F57-4EDC-8860-F0BBC590C545}.Debug|Any CPU.ActiveCfg = Debug|Any CPU
		{4EFD0A43-5F57-4EDC-8860-F0BBC590C545}.Debug|Any CPU.Build.0 = Debug|Any CPU
		{4EFD0A43-5F57-4EDC-8860-F0BBC590C545}.DebugGenerator|Any CPU.ActiveCfg = Debug|Any CPU
		{4EFD0A43-5F57-4EDC-8860-F0BBC590C545}.Release|Any CPU.ActiveCfg = Release|Any CPU
		{4EFD0A43-5F57-4EDC-8860-F0BBC590C545}.Release|Any CPU.Build.0 = Release|Any CPU
		{D53015EF-572A-40A3-BB25-760295F0EC14}.Debug|Any CPU.ActiveCfg = Debug|Any CPU
		{D53015EF-572A-40A3-BB25-760295F0EC14}.Debug|Any CPU.Build.0 = Debug|Any CPU
		{D53015EF-572A-40A3-BB25-760295F0EC14}.DebugGenerator|Any CPU.ActiveCfg = DebugGenerator|Any CPU
		{D53015EF-572A-40A3-BB25-760295F0EC14}.DebugGenerator|Any CPU.Build.0 = DebugGenerator|Any CPU
		{D53015EF-572A-40A3-BB25-760295F0EC14}.Release|Any CPU.ActiveCfg = Release|Any CPU
		{D53015EF-572A-40A3-BB25-760295F0EC14}.Release|Any CPU.Build.0 = Release|Any CPU
		{67445A91-EC9C-41D8-860C-3B7C003B776D}.Debug|Any CPU.ActiveCfg = Debug|Any CPU
		{67445A91-EC9C-41D8-860C-3B7C003B776D}.Debug|Any CPU.Build.0 = Debug|Any CPU
		{67445A91-EC9C-41D8-860C-3B7C003B776D}.DebugGenerator|Any CPU.ActiveCfg = Debug|Any CPU
		{67445A91-EC9C-41D8-860C-3B7C003B776D}.DebugGenerator|Any CPU.Build.0 = Debug|Any CPU
		{67445A91-EC9C-41D8-860C-3B7C003B776D}.Release|Any CPU.ActiveCfg = Release|Any CPU
		{67445A91-EC9C-41D8-860C-3B7C003B776D}.Release|Any CPU.Build.0 = Release|Any CPU
		{F226A20A-3ED9-8DED-646B-3F02A3D018F3}.Debug|Any CPU.ActiveCfg = Debug|Any CPU
		{F226A20A-3ED9-8DED-646B-3F02A3D018F3}.Debug|Any CPU.Build.0 = Debug|Any CPU
		{F226A20A-3ED9-8DED-646B-3F02A3D018F3}.DebugGenerator|Any CPU.ActiveCfg = DebugGenerator|Any CPU
		{F226A20A-3ED9-8DED-646B-3F02A3D018F3}.Release|Any CPU.ActiveCfg = Release|Any CPU
		{F226A20A-3ED9-8DED-646B-3F02A3D018F3}.Release|Any CPU.Build.0 = Release|Any CPU
		{0D5FC394-E7FF-464D-62F8-0A84E9C970D7}.Debug|Any CPU.ActiveCfg = Debug|Any CPU
		{0D5FC394-E7FF-464D-62F8-0A84E9C970D7}.Debug|Any CPU.Build.0 = Debug|Any CPU
		{0D5FC394-E7FF-464D-62F8-0A84E9C970D7}.DebugGenerator|Any CPU.ActiveCfg = Debug|Any CPU
		{0D5FC394-E7FF-464D-62F8-0A84E9C970D7}.DebugGenerator|Any CPU.Build.0 = Debug|Any CPU
		{0D5FC394-E7FF-464D-62F8-0A84E9C970D7}.Release|Any CPU.ActiveCfg = Release|Any CPU
		{0D5FC394-E7FF-464D-62F8-0A84E9C970D7}.Release|Any CPU.Build.0 = Release|Any CPU
		{B9E1854B-245D-4297-9CD8-B926C6A3C764}.Debug|Any CPU.ActiveCfg = Debug|Any CPU
		{B9E1854B-245D-4297-9CD8-B926C6A3C764}.Debug|Any CPU.Build.0 = Debug|Any CPU
		{B9E1854B-245D-4297-9CD8-B926C6A3C764}.DebugGenerator|Any CPU.ActiveCfg = Debug|Any CPU
		{B9E1854B-245D-4297-9CD8-B926C6A3C764}.DebugGenerator|Any CPU.Build.0 = Debug|Any CPU
		{B9E1854B-245D-4297-9CD8-B926C6A3C764}.Release|Any CPU.ActiveCfg = Release|Any CPU
		{B9E1854B-245D-4297-9CD8-B926C6A3C764}.Release|Any CPU.Build.0 = Release|Any CPU
		{E16C1252-6481-BBEB-8982-3868DA4F41A9}.Debug|Any CPU.ActiveCfg = Debug|Any CPU
		{E16C1252-6481-BBEB-8982-3868DA4F41A9}.Debug|Any CPU.Build.0 = Debug|Any CPU
		{E16C1252-6481-BBEB-8982-3868DA4F41A9}.DebugGenerator|Any CPU.ActiveCfg = Debug|Any CPU
		{E16C1252-6481-BBEB-8982-3868DA4F41A9}.DebugGenerator|Any CPU.Build.0 = Debug|Any CPU
		{E16C1252-6481-BBEB-8982-3868DA4F41A9}.Release|Any CPU.ActiveCfg = Release|Any CPU
		{E16C1252-6481-BBEB-8982-3868DA4F41A9}.Release|Any CPU.Build.0 = Release|Any CPU
		{CCB06883-92FD-2F10-C0B3-3EBD629E8B9D}.Debug|Any CPU.ActiveCfg = Debug|Any CPU
		{CCB06883-92FD-2F10-C0B3-3EBD629E8B9D}.Debug|Any CPU.Build.0 = Debug|Any CPU
		{CCB06883-92FD-2F10-C0B3-3EBD629E8B9D}.DebugGenerator|Any CPU.ActiveCfg = Debug|Any CPU
		{CCB06883-92FD-2F10-C0B3-3EBD629E8B9D}.DebugGenerator|Any CPU.Build.0 = Debug|Any CPU
		{CCB06883-92FD-2F10-C0B3-3EBD629E8B9D}.Release|Any CPU.ActiveCfg = Release|Any CPU
		{CCB06883-92FD-2F10-C0B3-3EBD629E8B9D}.Release|Any CPU.Build.0 = Release|Any CPU
		{C1F6A4F6-3D42-2775-1A7C-3825515EC12C}.Debug|Any CPU.ActiveCfg = Debug|Any CPU
		{C1F6A4F6-3D42-2775-1A7C-3825515EC12C}.Debug|Any CPU.Build.0 = Debug|Any CPU
		{C1F6A4F6-3D42-2775-1A7C-3825515EC12C}.DebugGenerator|Any CPU.ActiveCfg = Debug|Any CPU
		{C1F6A4F6-3D42-2775-1A7C-3825515EC12C}.DebugGenerator|Any CPU.Build.0 = Debug|Any CPU
		{C1F6A4F6-3D42-2775-1A7C-3825515EC12C}.Release|Any CPU.ActiveCfg = Release|Any CPU
		{C1F6A4F6-3D42-2775-1A7C-3825515EC12C}.Release|Any CPU.Build.0 = Release|Any CPU
		{C9C2EDAD-6392-4C2A-B021-84A479C22EFF}.Debug|Any CPU.ActiveCfg = Debug|Any CPU
		{C9C2EDAD-6392-4C2A-B021-84A479C22EFF}.Debug|Any CPU.Build.0 = Debug|Any CPU
		{C9C2EDAD-6392-4C2A-B021-84A479C22EFF}.DebugGenerator|Any CPU.ActiveCfg = Debug|Any CPU
		{C9C2EDAD-6392-4C2A-B021-84A479C22EFF}.DebugGenerator|Any CPU.Build.0 = Debug|Any CPU
		{C9C2EDAD-6392-4C2A-B021-84A479C22EFF}.Release|Any CPU.ActiveCfg = Release|Any CPU
		{C9C2EDAD-6392-4C2A-B021-84A479C22EFF}.Release|Any CPU.Build.0 = Release|Any CPU
	EndGlobalSection
	GlobalSection(SolutionProperties) = preSolution
		HideSolutionNode = FALSE
	EndGlobalSection
	GlobalSection(NestedProjects) = preSolution
		{B677268D-4663-427F-901B-79F1EB3D8C32} = {02EA681E-C7D8-13C7-8484-4AC65E1B71E8}
		{239395A0-21EF-4967-BBFB-371BCB9CE1CF} = {02EA681E-C7D8-13C7-8484-4AC65E1B71E8}
		{4EFD0A43-5F57-4EDC-8860-F0BBC590C545} = {02EA681E-C7D8-13C7-8484-4AC65E1B71E8}
		{F226A20A-3ED9-8DED-646B-3F02A3D018F3} = {02EA681E-C7D8-13C7-8484-4AC65E1B71E8}
	EndGlobalSection
	GlobalSection(ExtensibilityGlobals) = postSolution
		SolutionGuid = {0FF728AE-7BC0-4A7A-A6E6-429A2C4F93BC}
	EndGlobalSection
EndGlobal
