
Microsoft Visual Studio Solution File, Format Version 12.00
# Visual Studio Version 17
VisualStudioVersion = 17.12.35309.182
MinimumVisualStudioVersion = 10.0.40219.1
Project("{9A19103F-16F7-4668-BE54-9A1E7A4F7556}") = "DemoApp.Console", "DemoApp.Console\DemoApp.Console.csproj", "{BBF816AC-7EE4-4CE1-BC21-DC7AECA63D4B}"
EndProject
Project("{9A19103F-16F7-4668-BE54-9A1E7A4F7556}") = "DemoApp.Domain", "DemoApp.Domain\DemoApp.Domain.csproj", "{B677268D-4663-427F-901B-79F1EB3D8C32}"
EndProject
Project("{9A19103F-16F7-4668-BE54-9A1E7A4F7556}") = "DemoApp.Contracts", "DemoApp.Contracts\DemoApp.Contracts.csproj", "{5E034511-8871-41D2-A579-3F811B4E4647}"
EndProject
Project("{9A19103F-16F7-4668-BE54-9A1E7A4F7556}") = "NForza.Cyrus.TypedIds", "NForza.Cyrus.TypedIds\NForza.Cyrus.TypedIds.csproj", "{958260C7-CCD4-41A8-8A11-E6EEF486FDDD}"
EndProject
Project("{9A19103F-16F7-4668-BE54-9A1E7A4F7556}") = "DemoApp.WebApi", "DemoApp.WebApi\DemoApp.WebApi.csproj", "{239395A0-21EF-4967-BBFB-371BCB9CE1CF}"
EndProject
Project("{9A19103F-16F7-4668-BE54-9A1E7A4F7556}") = "NForza.Cyrus.MassTransit", "NForza.Cyrus.MassTransit\NForza.Cyrus.MassTransit.csproj", "{2891E699-8A78-4DCB-9D62-9CECAE6AC91E}"
EndProject
Project("{FAE04EC0-301F-11D3-BF4B-00C04F79EFBC}") = "DemoApp.WebApi.Tests", "DemoApp.WebApi.Tests\DemoApp.WebApi.Tests.csproj", "{4EFD0A43-5F57-4EDC-8860-F0BBC590C545}"
EndProject
Project("{2150E333-8FDC-42A3-9474-1A3956D46DE8}") = "Solution Items", "Solution Items", "{8EC462FD-D22E-90A8-E5CE-7E832BA40C5D}"
	ProjectSection(SolutionItems) = preProject
		.github\workflows\dotnet.yml = .github\workflows\dotnet.yml
		NForza.Cyrus.nuspec = NForza.Cyrus.nuspec
		.github\workflows\publish.yml = .github\workflows\publish.yml
		README.md = README.md
	EndProjectSection
EndProject
Project("{FAE04EC0-301F-11D3-BF4B-00C04F79EFBC}") = "NForza.Cyrus.Generators", "NForza.Cyrus.Generators\NForza.Cyrus.Generators.csproj", "{D53015EF-572A-40A3-BB25-760295F0EC14}"
EndProject
Project("{FAE04EC0-301F-11D3-BF4B-00C04F79EFBC}") = "NForza.Cyrus.Core", "NForza.Cyrus.Core\NForza.Cyrus.Core.csproj", "{67445A91-EC9C-41D8-860C-3B7C003B776D}"
EndProject
Global
	GlobalSection(SolutionConfigurationPlatforms) = preSolution
		Debug|Any CPU = Debug|Any CPU
		DebugGenerator|Any CPU = DebugGenerator|Any CPU
		Release|Any CPU = Release|Any CPU
	EndGlobalSection
	GlobalSection(ProjectConfigurationPlatforms) = postSolution
		{BBF816AC-7EE4-4CE1-BC21-DC7AECA63D4B}.Debug|Any CPU.ActiveCfg = Debug|Any CPU
		{BBF816AC-7EE4-4CE1-BC21-DC7AECA63D4B}.Debug|Any CPU.Build.0 = Debug|Any CPU
		{BBF816AC-7EE4-4CE1-BC21-DC7AECA63D4B}.DebugGenerator|Any CPU.ActiveCfg = DebugGenerator|Any CPU
		{BBF816AC-7EE4-4CE1-BC21-DC7AECA63D4B}.DebugGenerator|Any CPU.Build.0 = DebugGenerator|Any CPU
		{BBF816AC-7EE4-4CE1-BC21-DC7AECA63D4B}.Release|Any CPU.ActiveCfg = Release|Any CPU
		{BBF816AC-7EE4-4CE1-BC21-DC7AECA63D4B}.Release|Any CPU.Build.0 = Release|Any CPU
		{B677268D-4663-427F-901B-79F1EB3D8C32}.Debug|Any CPU.ActiveCfg = Debug|Any CPU
		{B677268D-4663-427F-901B-79F1EB3D8C32}.Debug|Any CPU.Build.0 = Debug|Any CPU
		{B677268D-4663-427F-901B-79F1EB3D8C32}.DebugGenerator|Any CPU.ActiveCfg = DebugGenerator|Any CPU
		{B677268D-4663-427F-901B-79F1EB3D8C32}.DebugGenerator|Any CPU.Build.0 = DebugGenerator|Any CPU
		{B677268D-4663-427F-901B-79F1EB3D8C32}.Release|Any CPU.ActiveCfg = Release|Any CPU
		{B677268D-4663-427F-901B-79F1EB3D8C32}.Release|Any CPU.Build.0 = Release|Any CPU
		{5E034511-8871-41D2-A579-3F811B4E4647}.Debug|Any CPU.ActiveCfg = Debug|Any CPU
		{5E034511-8871-41D2-A579-3F811B4E4647}.Debug|Any CPU.Build.0 = Debug|Any CPU
		{5E034511-8871-41D2-A579-3F811B4E4647}.DebugGenerator|Any CPU.ActiveCfg = DebugGenerator|Any CPU
		{5E034511-8871-41D2-A579-3F811B4E4647}.DebugGenerator|Any CPU.Build.0 = DebugGenerator|Any CPU
		{5E034511-8871-41D2-A579-3F811B4E4647}.Release|Any CPU.ActiveCfg = Release|Any CPU
		{5E034511-8871-41D2-A579-3F811B4E4647}.Release|Any CPU.Build.0 = Release|Any CPU
		{958260C7-CCD4-41A8-8A11-E6EEF486FDDD}.Debug|Any CPU.ActiveCfg = Debug|Any CPU
		{958260C7-CCD4-41A8-8A11-E6EEF486FDDD}.Debug|Any CPU.Build.0 = Debug|Any CPU
		{958260C7-CCD4-41A8-8A11-E6EEF486FDDD}.DebugGenerator|Any CPU.ActiveCfg = DebugGenerator|Any CPU
		{958260C7-CCD4-41A8-8A11-E6EEF486FDDD}.DebugGenerator|Any CPU.Build.0 = DebugGenerator|Any CPU
		{958260C7-CCD4-41A8-8A11-E6EEF486FDDD}.Release|Any CPU.ActiveCfg = Release|Any CPU
		{958260C7-CCD4-41A8-8A11-E6EEF486FDDD}.Release|Any CPU.Build.0 = Release|Any CPU
		{239395A0-21EF-4967-BBFB-371BCB9CE1CF}.Debug|Any CPU.ActiveCfg = Debug|Any CPU
		{239395A0-21EF-4967-BBFB-371BCB9CE1CF}.Debug|Any CPU.Build.0 = Debug|Any CPU
		{239395A0-21EF-4967-BBFB-371BCB9CE1CF}.DebugGenerator|Any CPU.ActiveCfg = DebugGenerator|Any CPU
		{239395A0-21EF-4967-BBFB-371BCB9CE1CF}.DebugGenerator|Any CPU.Build.0 = DebugGenerator|Any CPU
		{239395A0-21EF-4967-BBFB-371BCB9CE1CF}.Release|Any CPU.ActiveCfg = Release|Any CPU
		{239395A0-21EF-4967-BBFB-371BCB9CE1CF}.Release|Any CPU.Build.0 = Release|Any CPU
		{2891E699-8A78-4DCB-9D62-9CECAE6AC91E}.Debug|Any CPU.ActiveCfg = Debug|Any CPU
		{2891E699-8A78-4DCB-9D62-9CECAE6AC91E}.Debug|Any CPU.Build.0 = Debug|Any CPU
		{2891E699-8A78-4DCB-9D62-9CECAE6AC91E}.DebugGenerator|Any CPU.ActiveCfg = Debug|Any CPU
		{2891E699-8A78-4DCB-9D62-9CECAE6AC91E}.DebugGenerator|Any CPU.Build.0 = Debug|Any CPU
		{2891E699-8A78-4DCB-9D62-9CECAE6AC91E}.Release|Any CPU.ActiveCfg = Release|Any CPU
		{2891E699-8A78-4DCB-9D62-9CECAE6AC91E}.Release|Any CPU.Build.0 = Release|Any CPU
		{4EFD0A43-5F57-4EDC-8860-F0BBC590C545}.Debug|Any CPU.ActiveCfg = Debug|Any CPU
		{4EFD0A43-5F57-4EDC-8860-F0BBC590C545}.Debug|Any CPU.Build.0 = Debug|Any CPU
		{4EFD0A43-5F57-4EDC-8860-F0BBC590C545}.DebugGenerator|Any CPU.ActiveCfg = Debug|Any CPU
		{4EFD0A43-5F57-4EDC-8860-F0BBC590C545}.DebugGenerator|Any CPU.Build.0 = Debug|Any CPU
		{4EFD0A43-5F57-4EDC-8860-F0BBC590C545}.Release|Any CPU.ActiveCfg = Release|Any CPU
		{4EFD0A43-5F57-4EDC-8860-F0BBC590C545}.Release|Any CPU.Build.0 = Release|Any CPU
		{D53015EF-572A-40A3-BB25-760295F0EC14}.Debug|Any CPU.ActiveCfg = Debug|Any CPU
		{D53015EF-572A-40A3-BB25-760295F0EC14}.Debug|Any CPU.Build.0 = Debug|Any CPU
		{D53015EF-572A-40A3-BB25-760295F0EC14}.DebugGenerator|Any CPU.ActiveCfg = DebugGenerator|Any CPU
		{D53015EF-572A-40A3-BB25-760295F0EC14}.DebugGenerator|Any CPU.Build.0 = DebugGenerator|Any CPU
		{D53015EF-572A-40A3-BB25-760295F0EC14}.Release|Any CPU.ActiveCfg = Release|Any CPU
		{D53015EF-572A-40A3-BB25-760295F0EC14}.Release|Any CPU.Build.0 = Release|Any CPU
		{67445A91-EC9C-41D8-860C-3B7C003B776D}.Debug|Any CPU.ActiveCfg = Debug|Any CPU
		{67445A91-EC9C-41D8-860C-3B7C003B776D}.Debug|Any CPU.Build.0 = Debug|Any CPU
		{67445A91-EC9C-41D8-860C-3B7C003B776D}.DebugGenerator|Any CPU.ActiveCfg = Debug|Any CPU
		{67445A91-EC9C-41D8-860C-3B7C003B776D}.DebugGenerator|Any CPU.Build.0 = Debug|Any CPU
		{67445A91-EC9C-41D8-860C-3B7C003B776D}.Release|Any CPU.ActiveCfg = Release|Any CPU
		{67445A91-EC9C-41D8-860C-3B7C003B776D}.Release|Any CPU.Build.0 = Release|Any CPU
	EndGlobalSection
	GlobalSection(SolutionProperties) = preSolution
		HideSolutionNode = FALSE
	EndGlobalSection
	GlobalSection(ExtensibilityGlobals) = postSolution
		SolutionGuid = {0FF728AE-7BC0-4A7A-A6E6-429A2C4F93BC}
	EndGlobalSection
EndGlobal
