
Microsoft Visual Studio Solution File, Format Version 12.00
# Visual Studio Version 17
VisualStudioVersion = 17.12.35309.182
MinimumVisualStudioVersion = 10.0.40219.1
Project("{9A19103F-16F7-4668-BE54-9A1E7A4F7556}") = "DemoApp", "ConsoleApp40\DemoApp.csproj", "{BBF816AC-7EE4-4CE1-BC21-DC7AECA63D4B}"
EndProject
Project("{9A19103F-16F7-4668-BE54-9A1E7A4F7556}") = "NForza.Cqrs", "GeneratorTest\NForza.Cqrs.csproj", "{9F649329-7560-47FC-9978-ECEF4E43AE53}"
EndProject
Project("{9A19103F-16F7-4668-BE54-9A1E7A4F7556}") = "DemoApp.Domain", "ConsoleApp40.Domain\DemoApp.Domain.csproj", "{B677268D-4663-427F-901B-79F1EB3D8C32}"
EndProject
Project("{9A19103F-16F7-4668-BE54-9A1E7A4F7556}") = "DemoApp.Contracts", "ConsoleApp40.Contracts\DemoApp.Contracts.csproj", "{5E034511-8871-41D2-A579-3F811B4E4647}"
EndProject
Project("{9A19103F-16F7-4668-BE54-9A1E7A4F7556}") = "NForza.Cqrs.Generator", "NForza.Cqrs.Generator\NForza.Cqrs.Generator.csproj", "{F27EF578-FB35-4F25-91CE-DA03287D0AF1}"
EndProject
Project("{FAE04EC0-301F-11D3-BF4B-00C04F79EFBC}") = "NForza.TypedIds", "NForza.TypedIds\NForza.TypedIds.csproj", "{958260C7-CCD4-41A8-8A11-E6EEF486FDDD}"
EndProject
Global
	GlobalSection(SolutionConfigurationPlatforms) = preSolution
		Debug|Any CPU = Debug|Any CPU
		Release|Any CPU = Release|Any CPU
	EndGlobalSection
	GlobalSection(ProjectConfigurationPlatforms) = postSolution
		{BBF816AC-7EE4-4CE1-BC21-DC7AECA63D4B}.Debug|Any CPU.ActiveCfg = Debug|Any CPU
		{BBF816AC-7EE4-4CE1-BC21-DC7AECA63D4B}.Debug|Any CPU.Build.0 = Debug|Any CPU
		{BBF816AC-7EE4-4CE1-BC21-DC7AECA63D4B}.Release|Any CPU.ActiveCfg = Release|Any CPU
		{BBF816AC-7EE4-4CE1-BC21-DC7AECA63D4B}.Release|Any CPU.Build.0 = Release|Any CPU
		{9F649329-7560-47FC-9978-ECEF4E43AE53}.Debug|Any CPU.ActiveCfg = Debug|Any CPU
		{9F649329-7560-47FC-9978-ECEF4E43AE53}.Debug|Any CPU.Build.0 = Debug|Any CPU
		{9F649329-7560-47FC-9978-ECEF4E43AE53}.Release|Any CPU.ActiveCfg = Release|Any CPU
		{9F649329-7560-47FC-9978-ECEF4E43AE53}.Release|Any CPU.Build.0 = Release|Any CPU
		{B677268D-4663-427F-901B-79F1EB3D8C32}.Debug|Any CPU.ActiveCfg = Debug|Any CPU
		{B677268D-4663-427F-901B-79F1EB3D8C32}.Debug|Any CPU.Build.0 = Debug|Any CPU
		{B677268D-4663-427F-901B-79F1EB3D8C32}.Release|Any CPU.ActiveCfg = Release|Any CPU
		{B677268D-4663-427F-901B-79F1EB3D8C32}.Release|Any CPU.Build.0 = Release|Any CPU
		{5E034511-8871-41D2-A579-3F811B4E4647}.Debug|Any CPU.ActiveCfg = Debug|Any CPU
		{5E034511-8871-41D2-A579-3F811B4E4647}.Debug|Any CPU.Build.0 = Debug|Any CPU
		{5E034511-8871-41D2-A579-3F811B4E4647}.Release|Any CPU.ActiveCfg = Release|Any CPU
		{5E034511-8871-41D2-A579-3F811B4E4647}.Release|Any CPU.Build.0 = Release|Any CPU
		{F27EF578-FB35-4F25-91CE-DA03287D0AF1}.Debug|Any CPU.ActiveCfg = Debug|Any CPU
		{F27EF578-FB35-4F25-91CE-DA03287D0AF1}.Debug|Any CPU.Build.0 = Debug|Any CPU
		{F27EF578-FB35-4F25-91CE-DA03287D0AF1}.Release|Any CPU.ActiveCfg = Release|Any CPU
		{F27EF578-FB35-4F25-91CE-DA03287D0AF1}.Release|Any CPU.Build.0 = Release|Any CPU
		{958260C7-CCD4-41A8-8A11-E6EEF486FDDD}.Debug|Any CPU.ActiveCfg = Debug|Any CPU
		{958260C7-CCD4-41A8-8A11-E6EEF486FDDD}.Debug|Any CPU.Build.0 = Debug|Any CPU
		{958260C7-CCD4-41A8-8A11-E6EEF486FDDD}.Release|Any CPU.ActiveCfg = Release|Any CPU
		{958260C7-CCD4-41A8-8A11-E6EEF486FDDD}.Release|Any CPU.Build.0 = Release|Any CPU
	EndGlobalSection
	GlobalSection(SolutionProperties) = preSolution
		HideSolutionNode = FALSE
	EndGlobalSection
	GlobalSection(ExtensibilityGlobals) = postSolution
		SolutionGuid = {0FF728AE-7BC0-4A7A-A6E6-429A2C4F93BC}
	EndGlobalSection
EndGlobal
