
Microsoft Visual Studio Solution File, Format Version 12.00
# Visual Studio Version 17
VisualStudioVersion = 17.11.35327.3
MinimumVisualStudioVersion = 10.0.40219.1
Project("{9A19103F-16F7-4668-BE54-9A1E7A4F7556}") = "Cyrus.Producer", "Cyrus.Producer\Cyrus.Producer.csproj", "{49D28828-A129-48F7-9993-606C3B9ACE66}"
EndProject
Project("{FAE04EC0-301F-11D3-BF4B-00C04F79EFBC}") = "Cyrus.Consumer", "Cyrus.Consumer\Cyrus.Consumer.csproj", "{42ED7C4A-F27B-4CB9-9AEB-0713E38866BD}"
EndProject
Project("{FAE04EC0-301F-11D3-BF4B-00C04F79EFBC}") = "Cyrus.Messages", "Cyrus.Messages\Cyrus.Messages.csproj", "{6B75244C-EBA5-4509-979A-88D6FF173D06}"
EndProject
Project("{E53339B2-1760-4266-BCC7-CA923CBCF16C}") = "docker-compose", "docker-compose.dcproj", "{81DDED9D-158B-E303-5F62-77A2896D2A5A}"
EndProject
Global
	GlobalSection(SolutionConfigurationPlatforms) = preSolution
		Debug|Any CPU = Debug|Any CPU
		Release|Any CPU = Release|Any CPU
	EndGlobalSection
	GlobalSection(ProjectConfigurationPlatforms) = postSolution
		{49D28828-A129-48F7-9993-606C3B9ACE66}.Debug|Any CPU.ActiveCfg = Debug|Any CPU
		{49D28828-A129-48F7-9993-606C3B9ACE66}.Debug|Any CPU.Build.0 = Debug|Any CPU
		{49D28828-A129-48F7-9993-606C3B9ACE66}.Release|Any CPU.ActiveCfg = Release|Any CPU
		{49D28828-A129-48F7-9993-606C3B9ACE66}.Release|Any CPU.Build.0 = Release|Any CPU
		{42ED7C4A-F27B-4CB9-9AEB-0713E38866BD}.Debug|Any CPU.ActiveCfg = Debug|Any CPU
		{42ED7C4A-F27B-4CB9-9AEB-0713E38866BD}.Debug|Any CPU.Build.0 = Debug|Any CPU
		{42ED7C4A-F27B-4CB9-9AEB-0713E38866BD}.Release|Any CPU.ActiveCfg = Release|Any CPU
		{42ED7C4A-F27B-4CB9-9AEB-0713E38866BD}.Release|Any CPU.Build.0 = Release|Any CPU
		{6B75244C-EBA5-4509-979A-88D6FF173D06}.Debug|Any CPU.ActiveCfg = Debug|Any CPU
		{6B75244C-EBA5-4509-979A-88D6FF173D06}.Debug|Any CPU.Build.0 = Debug|Any CPU
		{6B75244C-EBA5-4509-979A-88D6FF173D06}.Release|Any CPU.ActiveCfg = Release|Any CPU
		{6B75244C-EBA5-4509-979A-88D6FF173D06}.Release|Any CPU.Build.0 = Release|Any CPU
		{81DDED9D-158B-E303-5F62-77A2896D2A5A}.Debug|Any CPU.ActiveCfg = Debug|Any CPU
		{81DDED9D-158B-E303-5F62-77A2896D2A5A}.Debug|Any CPU.Build.0 = Debug|Any CPU
		{81DDED9D-158B-E303-5F62-77A2896D2A5A}.Release|Any CPU.ActiveCfg = Release|Any CPU
		{81DDED9D-158B-E303-5F62-77A2896D2A5A}.Release|Any CPU.Build.0 = Release|Any CPU
	EndGlobalSection
	GlobalSection(SolutionProperties) = preSolution
		HideSolutionNode = FALSE
	EndGlobalSection
	GlobalSection(ExtensibilityGlobals) = postSolution
		SolutionGuid = {D6D8AB5A-B9CA-4540-8F21-168F124AA4E8}
	EndGlobalSection
EndGlobal
