
Microsoft Visual Studio Solution File, Format Version 12.00
# Visual Studio Version 17
VisualStudioVersion = 17.13.35617.110
MinimumVisualStudioVersion = 10.0.40219.1
Project("{FAE04EC0-301F-11D3-BF4B-00C04F79EFBC}") = "NForza.Cyrus.TypescriptGenerate", "NForza.Cyrus.TypescriptGenerate.csproj", "{F322374D-6EBB-4ADC-8ED9-2E0B2E4B9680}"
EndProject
Project("{FAE04EC0-301F-11D3-BF4B-00C04F79EFBC}") = "NForza.Cyrus.Abstractions", "..\NForza.Cyrus.Abstractions\NForza.Cyrus.Abstractions.csproj", "{51591C0F-9BE0-C63D-9F14-872CDB03227E}"
EndProject
Project("{2150E333-8FDC-42A3-9474-1A3956D46DE8}") = "Solution Items", "Solution Items", "{8EC462FD-D22E-90A8-E5CE-7E832BA40C5D}"
EndProject
Project("{FAE04EC0-301F-11D3-BF4B-00C04F79EFBC}") = "NForza.Cyrus.Templating", "..\NForza.Cyrus.Templating\NForza.Cyrus.Templating.csproj", "{7D940674-042B-47C3-CC5B-8C6F8E5A3458}"
EndProject
Global
	GlobalSection(SolutionConfigurationPlatforms) = preSolution
		Debug|Any CPU = Debug|Any CPU
		Release|Any CPU = Release|Any CPU
	EndGlobalSection
	GlobalSection(ProjectConfigurationPlatforms) = postSolution
		{F322374D-6EBB-4ADC-8ED9-2E0B2E4B9680}.Debug|Any CPU.ActiveCfg = Debug|Any CPU
		{F322374D-6EBB-4ADC-8ED9-2E0B2E4B9680}.Debug|Any CPU.Build.0 = Debug|Any CPU
		{F322374D-6EBB-4ADC-8ED9-2E0B2E4B9680}.Release|Any CPU.ActiveCfg = Release|Any CPU
		{F322374D-6EBB-4ADC-8ED9-2E0B2E4B9680}.Release|Any CPU.Build.0 = Release|Any CPU
		{51591C0F-9BE0-C63D-9F14-872CDB03227E}.Debug|Any CPU.ActiveCfg = Debug|Any CPU
		{51591C0F-9BE0-C63D-9F14-872CDB03227E}.Debug|Any CPU.Build.0 = Debug|Any CPU
		{51591C0F-9BE0-C63D-9F14-872CDB03227E}.Release|Any CPU.ActiveCfg = Release|Any CPU
		{51591C0F-9BE0-C63D-9F14-872CDB03227E}.Release|Any CPU.Build.0 = Release|Any CPU
		{7D940674-042B-47C3-CC5B-8C6F8E5A3458}.Debug|Any CPU.ActiveCfg = Debug|Any CPU
		{7D940674-042B-47C3-CC5B-8C6F8E5A3458}.Debug|Any CPU.Build.0 = Debug|Any CPU
		{7D940674-042B-47C3-CC5B-8C6F8E5A3458}.Release|Any CPU.ActiveCfg = Release|Any CPU
		{7D940674-042B-47C3-CC5B-8C6F8E5A3458}.Release|Any CPU.Build.0 = Release|Any CPU
	EndGlobalSection
	GlobalSection(SolutionProperties) = preSolution
		HideSolutionNode = FALSE
	EndGlobalSection
	GlobalSection(ExtensibilityGlobals) = postSolution
		SolutionGuid = {9CB4C67F-4596-4CB7-829A-0EA0FC2B8927}
	EndGlobalSection
EndGlobal
