
Microsoft Visual Studio Solution File, Format Version 12.00
# Visual Studio Version 17
VisualStudioVersion = 17.14.36017.23
MinimumVisualStudioVersion = 10.0.40219.1
Project("{FAE04EC0-301F-11D3-BF4B-00C04F79EFBC}") = "CyrusSignalR", "CyrusDotNet\CyrusSignalR.csproj", "{A848D8D8-DF72-D8AB-6049-188EAA68D7EF}"
EndProject
Global
	GlobalSection(SolutionConfigurationPlatforms) = preSolution
		Debug|Any CPU = Debug|Any CPU
		Release|Any CPU = Release|Any CPU
	EndGlobalSection
	GlobalSection(ProjectConfigurationPlatforms) = postSolution
		{A848D8D8-DF72-D8AB-6049-188EAA68D7EF}.Debug|Any CPU.ActiveCfg = Debug|Any CPU
		{A848D8D8-DF72-D8AB-6049-188EAA68D7EF}.Debug|Any CPU.Build.0 = Debug|Any CPU
		{A848D8D8-DF72-D8AB-6049-188EAA68D7EF}.Release|Any CPU.ActiveCfg = Release|Any CPU
		{A848D8D8-DF72-D8AB-6049-188EAA68D7EF}.Release|Any CPU.Build.0 = Release|Any CPU
	EndGlobalSection
	GlobalSection(SolutionProperties) = preSolution
		HideSolutionNode = FALSE
	EndGlobalSection
	GlobalSection(ExtensibilityGlobals) = postSolution
		SolutionGuid = {7ADA2074-F9C8-46D6-9708-52402725F3DA}
	EndGlobalSection
EndGlobal
